# THIS IS AN AUTOGENERATED FILE. DO NOT EDIT THIS FILE DIRECTLY.
# yarn lockfile v1


bs-platform@7.1.0:
  version "7.1.0"
  resolved "https://registry.yarnpkg.com/bs-platform/-/bs-platform-7.1.0.tgz#72b52148b1c4be7f878969e6e2afd1bfab068cdd"
  integrity sha512-XUeZf1nGzmsVymG89j5L8G9YNDHl0J/5iDGExXA7a4RKxnbvP2TselBZAzFeEH4rs3gG01b7yKt+h2pm7yh7Ww==
